
Microsoft Visual Studio Solution File, Format Version 12.00
# Visual Studio Version 17
VisualStudioVersion = 17.4.33213.308
MinimumVisualStudioVersion = 10.0.40219.1
Project("{9A19103F-16F7-4668-BE54-9A1E7A4F7556}") = "MooGame", "MooGame\MooGame.csproj", "{61955B9B-77A8-4A2B-88D2-07D47DF96478}"
EndProject
Project("{2150E333-8FDC-42A3-9474-1A3956D46DE8}") = "Solution Items", "Solution Items", "{F961FC05-08EF-4E55-A37D-4FAF8AC44991}"
	ProjectSection(SolutionItems) = preProject
		ReadMe.txt = ReadMe.txt
		ToDo.txt = ToDo.txt
	EndProjectSection
EndProject
Project("{FAE04EC0-301F-11D3-BF4B-00C04F79EFBC}") = "GameResources", "GameLogic\GameResources.csproj", "{C8F68BC5-F124-4293-86C2-148907F114D9}"
EndProject
Global
	GlobalSection(SolutionConfigurationPlatforms) = preSolution
		Debug|Any CPU = Debug|Any CPU
		Release|Any CPU = Release|Any CPU
	EndGlobalSection
	GlobalSection(ProjectConfigurationPlatforms) = postSolution
		{61955B9B-77A8-4A2B-88D2-07D47DF96478}.Debug|Any CPU.ActiveCfg = Debug|Any CPU
		{61955B9B-77A8-4A2B-88D2-07D47DF96478}.Debug|Any CPU.Build.0 = Debug|Any CPU
		{61955B9B-77A8-4A2B-88D2-07D47DF96478}.Release|Any CPU.ActiveCfg = Release|Any CPU
		{61955B9B-77A8-4A2B-88D2-07D47DF96478}.Release|Any CPU.Build.0 = Release|Any CPU
		{C8F68BC5-F124-4293-86C2-148907F114D9}.Debug|Any CPU.ActiveCfg = Debug|Any CPU
		{C8F68BC5-F124-4293-86C2-148907F114D9}.Debug|Any CPU.Build.0 = Debug|Any CPU
		{C8F68BC5-F124-4293-86C2-148907F114D9}.Release|Any CPU.ActiveCfg = Release|Any CPU
		{C8F68BC5-F124-4293-86C2-148907F114D9}.Release|Any CPU.Build.0 = Release|Any CPU
	EndGlobalSection
	GlobalSection(SolutionProperties) = preSolution
		HideSolutionNode = FALSE
	EndGlobalSection
	GlobalSection(ExtensibilityGlobals) = postSolution
		SolutionGuid = {C2D6EF7C-9A6A-45DB-8CA2-57FA007B4DA4}
	EndGlobalSection
EndGlobal
